
Microsoft Visual Studio Solution File, Format Version 12.00
# Visual Studio Version 16
VisualStudioVersion = 16.0.31205.134
MinimumVisualStudioVersion = 10.0.40219.1
Project("{888888A0-9F3D-457C-B088-3A5042F75D52}") = "Synthetic Data Generator", "Synthetic Data Generator\Synthetic Data Generator.pyproj", "{4E879A47-4696-4B63-9E13-F34CFB9488DF}"
EndProject
Global
	GlobalSection(SolutionConfigurationPlatforms) = preSolution
		Debug|Any CPU = Debug|Any CPU
		Release|Any CPU = Release|Any CPU
	EndGlobalSection
	GlobalSection(ProjectConfigurationPlatforms) = postSolution
		{4E879A47-4696-4B63-9E13-F34CFB9488DF}.Debug|Any CPU.ActiveCfg = Debug|Any CPU
		{4E879A47-4696-4B63-9E13-F34CFB9488DF}.Release|Any CPU.ActiveCfg = Release|Any CPU
	EndGlobalSection
	GlobalSection(SolutionProperties) = preSolution
		HideSolutionNode = FALSE
	EndGlobalSection
	GlobalSection(ExtensibilityGlobals) = postSolution
		SolutionGuid = {914E68DE-90D8-43E0-A477-FF7B3D47A34E}
	EndGlobalSection
EndGlobal
